
Microsoft Visual Studio Solution File, Format Version 11.00
# Visual Studio 2010
Project("{E24C65DC-7377-472B-9ABA-BC803B73C61A}") = "CollegeCertificate", "..\..\..\..\Desktop\Project\CollegeCertificate\", "{EF3E24DE-A92D-4BB1-9CD9-C1053CDA53EE}"
	ProjectSection(WebsiteProperties) = preProject
		TargetFrameworkMoniker = ".NETFramework,Version%3Dv4.0"
		Debug.AspNetCompiler.VirtualPath = "/CollegeCertificate"
		Debug.AspNetCompiler.PhysicalPath = "..\..\..\..\Desktop\Project\CollegeCertificate\"
		Debug.AspNetCompiler.TargetPath = "PrecompiledWeb\CollegeCertificate\"
		Debug.AspNetCompiler.Updateable = "true"
		Debug.AspNetCompiler.ForceOverwrite = "true"
		Debug.AspNetCompiler.FixedNames = "false"
		Debug.AspNetCompiler.Debug = "True"
		Release.AspNetCompiler.VirtualPath = "/CollegeCertificate"
		Release.AspNetCompiler.PhysicalPath = "..\..\..\..\Desktop\Project\CollegeCertificate\"
		Release.AspNetCompiler.TargetPath = "PrecompiledWeb\CollegeCertificate\"
		Release.AspNetCompiler.Updateable = "true"
		Release.AspNetCompiler.ForceOverwrite = "true"
		Release.AspNetCompiler.FixedNames = "false"
		Release.AspNetCompiler.Debug = "False"
		VWDPort = "58999"
	EndProjectSection
EndProject
Global
	GlobalSection(SolutionConfigurationPlatforms) = preSolution
		Debug|Any CPU = Debug|Any CPU
	EndGlobalSection
	GlobalSection(ProjectConfigurationPlatforms) = postSolution
		{EF3E24DE-A92D-4BB1-9CD9-C1053CDA53EE}.Debug|Any CPU.ActiveCfg = Debug|Any CPU
		{EF3E24DE-A92D-4BB1-9CD9-C1053CDA53EE}.Debug|Any CPU.Build.0 = Debug|Any CPU
	EndGlobalSection
	GlobalSection(SolutionProperties) = preSolution
		HideSolutionNode = FALSE
	EndGlobalSection
EndGlobal
